{
    "name": "@kubio/utils",
    "version": "1.0.0",
    "lockfileVersion": 1,
    "requires": true,
    "dependencies": {
        "@types/speakingurl": {
            "version": "13.0.3",
            "resolved": "https://registry.npmjs.org/@types/speakingurl/-/speakingurl-13.0.3.tgz",
            "integrity": "sha512-nBHZAaNTEw1YG3ROL7HtTp7HjW8HD7DuFYbWoonUKTZHj7eyOt4vPzyMcc3+xgWNv7xi2rziaiBXHIq6wBeyrw==",
            "dev": true
        }
    }
}
